{
  "nodes": {
    "advisory-db": {
      "flake": false,
      "locked": {
        "lastModified": 1777101922,
        "narHash": "sha256-Jjpm3FOyBY5I/4MeBJd8j34otNo5TSrVwgNPTISxNRI=",
        "owner": "rustsec",
        "repo": "advisory-db",
        "rev": "a9993361b06388325618aa11ec691faaac5f9a3e",
        "type": "github"
      },
      "original": {
        "owner": "rustsec",
        "repo": "advisory-db",
        "type": "github"
      }
    },
    "crane": {
      "locked": {
        "lastModified": 1776635034,
        "narHash": "sha256-OEOJrT3ZfwbChzODfIH4GzlNTtOFuZFWPtW7jIeR8xU=",
        "owner": "ipetkov",
        "repo": "crane",
        "rev": "dc7496d8ea6e526b1254b55d09b966e94673750f",
        "type": "github"
      },
      "original": {
        "owner": "ipetkov",
        "repo": "crane",
        "type": "github"
      }
    },
    "dyndnsd": {
      "inputs": {
        "advisory-db": [
          "advisory-db"
        ],
        "crane": [
          "crane"
        ],
        "fenix": [
          "fenix"
        ],
        "flake-utils": [
          "flake-utils"
        ],
        "nixpkgs": [
          "nixpkgs"
        ]
      },
      "locked": {
        "lastModified": 1776649589,
        "narHash": "sha256-iz5GYHWrR2pr3VVOD7YbJjjG8KQ++2fhXWvDe0g6Zfw=",
        "owner": "Luflosi",
        "repo": "dyndnsd",
        "rev": "300b30832fc06beff65854046a51c911531fc004",
        "type": "github"
      },
      "original": {
        "owner": "Luflosi",
        "repo": "dyndnsd",
        "type": "github"
      }
    },
    "fenix": {
      "inputs": {
        "nixpkgs": [
          "nixpkgs"
        ],
        "rust-analyzer-src": []
      },
      "locked": {
        "lastModified": 1777102577,
        "narHash": "sha256-ycoy9svZOQgyInu/lwO7IEQtlP5liqYhEcF9m9hPRbM=",
        "owner": "nix-community",
        "repo": "fenix",
        "rev": "f37403486c59376cd285f9685a8ef8ff25c09a3c",
        "type": "github"
      },
      "original": {
        "owner": "nix-community",
        "repo": "fenix",
        "type": "github"
      }
    },
    "flake-utils": {
      "inputs": {
        "systems": "systems"
      },
      "locked": {
        "lastModified": 1731533236,
        "narHash": "sha256-l0KFg5HjrsfsO/JpG+r7fRrqm12kzFHyUHqHCVpMMbI=",
        "owner": "numtide",
        "repo": "flake-utils",
        "rev": "11707dc2f618dd54ca8739b309ec4fc024de578b",
        "type": "github"
      },
      "original": {
        "owner": "numtide",
        "repo": "flake-utils",
        "type": "github"
      }
    },
    "nixpkgs": {
      "locked": {
        "lastModified": 1776949667,
        "narHash": "sha256-GMSVw35Q+294GlrTUKlx087E31z7KurReQ1YHSKp5iw=",
        "owner": "NixOS",
        "repo": "nixpkgs",
        "rev": "01fbdeef22b76df85ea168fbfe1bfd9e63681b30",
        "type": "github"
      },
      "original": {
        "owner": "NixOS",
        "ref": "nixpkgs-unstable",
        "repo": "nixpkgs",
        "type": "github"
      }
    },
    "root": {
      "inputs": {
        "advisory-db": "advisory-db",
        "crane": "crane",
        "dyndnsd": "dyndnsd",
        "fenix": "fenix",
        "flake-utils": "flake-utils",
        "nixpkgs": "nixpkgs",
        "zonegen": "zonegen"
      }
    },
    "systems": {
      "locked": {
        "lastModified": 1681028828,
        "narHash": "sha256-Vy1rq5AaRuLzOxct8nz4T6wlgyUR7zLU309k9mBC768=",
        "owner": "nix-systems",
        "repo": "default",
        "rev": "da67096a3b9bf56a91d16901293e51ba5b49a27e",
        "type": "github"
      },
      "original": {
        "owner": "nix-systems",
        "repo": "default",
        "type": "github"
      }
    },
    "zonegen": {
      "inputs": {
        "advisory-db": [
          "advisory-db"
        ],
        "crane": [
          "crane"
        ],
        "dyndnsd": [
          "dyndnsd"
        ],
        "fenix": [
          "fenix"
        ],
        "flake-utils": [
          "flake-utils"
        ],
        "nixpkgs": [
          "nixpkgs"
        ]
      },
      "locked": {
        "lastModified": 1776649893,
        "narHash": "sha256-HJvHsLkccY8tbMBWKdsLeWjuBlPe8noCfoN5rQm3YXI=",
        "owner": "Luflosi",
        "repo": "zonegen",
        "rev": "c478f6e52032502d8d607b5f96aa7bb53976f769",
        "type": "github"
      },
      "original": {
        "owner": "Luflosi",
        "repo": "zonegen",
        "type": "github"
      }
    }
  },
  "root": "root",
  "version": 7
}
