{
  "nodes": {
    "advisory-db": {
      "flake": false,
      "locked": {
        "lastModified": 1725208936,
        "narHash": "sha256-/2pNlwyckwXpvZKuNjyQx6pXABlFKxcWo/4WqKSotMk=",
        "owner": "rustsec",
        "repo": "advisory-db",
        "rev": "f88a0b72a8b4fd6b14f40a583cbe1bbeec11ed82",
        "type": "github"
      },
      "original": {
        "owner": "rustsec",
        "repo": "advisory-db",
        "type": "github"
      }
    },
    "crane": {
      "locked": {
        "lastModified": 1725125250,
        "narHash": "sha256-CB20rDD5eHikF6mMTTJdwPP1qvyoiyyw1RDUzwIaIF8=",
        "owner": "ipetkov",
        "repo": "crane",
        "rev": "96fd12c7100e9e05fa1a0a5bd108525600ce282f",
        "type": "github"
      },
      "original": {
        "owner": "ipetkov",
        "repo": "crane",
        "type": "github"
      }
    },
    "dyndnsd": {
      "inputs": {
        "advisory-db": [
          "advisory-db"
        ],
        "crane": [
          "crane"
        ],
        "fenix": [
          "fenix"
        ],
        "flake-utils": [
          "flake-utils"
        ],
        "nixpkgs": [
          "nixpkgs"
        ]
      },
      "locked": {
        "lastModified": 1724637324,
        "narHash": "sha256-jf+DZbKKgs38gB3gWty6xXqj1fRaT0xANQYyfdauPEc=",
        "owner": "Luflosi",
        "repo": "dyndnsd",
        "rev": "52a0813d2425bf19f438955e87d8eb72220b95c3",
        "type": "github"
      },
      "original": {
        "owner": "Luflosi",
        "repo": "dyndnsd",
        "type": "github"
      }
    },
    "fenix": {
      "inputs": {
        "nixpkgs": [
          "nixpkgs"
        ],
        "rust-analyzer-src": []
      },
      "locked": {
        "lastModified": 1725172314,
        "narHash": "sha256-BtLY9lWu/pe6/ImFwuRRRqMwLacY5AZOKA2hUHUQ64k=",
        "owner": "nix-community",
        "repo": "fenix",
        "rev": "28b42d01f549c38bd165296fbcb4fe66d98fc24f",
        "type": "github"
      },
      "original": {
        "owner": "nix-community",
        "repo": "fenix",
        "type": "github"
      }
    },
    "flake-utils": {
      "inputs": {
        "systems": "systems"
      },
      "locked": {
        "lastModified": 1710146030,
        "narHash": "sha256-SZ5L6eA7HJ/nmkzGG7/ISclqe6oZdOZTNoesiInkXPQ=",
        "owner": "numtide",
        "repo": "flake-utils",
        "rev": "b1d9ab70662946ef0850d488da1c9019f3a9752a",
        "type": "github"
      },
      "original": {
        "owner": "numtide",
        "repo": "flake-utils",
        "type": "github"
      }
    },
    "nixpkgs": {
      "locked": {
        "lastModified": 1725194671,
        "narHash": "sha256-tLGCFEFTB5TaOKkpfw3iYT9dnk4awTP/q4w+ROpMfuw=",
        "owner": "NixOS",
        "repo": "nixpkgs",
        "rev": "b833ff01a0d694b910daca6e2ff4a3f26dee478c",
        "type": "github"
      },
      "original": {
        "owner": "NixOS",
        "ref": "nixpkgs-unstable",
        "repo": "nixpkgs",
        "type": "github"
      }
    },
    "root": {
      "inputs": {
        "advisory-db": "advisory-db",
        "crane": "crane",
        "dyndnsd": "dyndnsd",
        "fenix": "fenix",
        "flake-utils": "flake-utils",
        "nixpkgs": "nixpkgs",
        "zonegen": "zonegen"
      }
    },
    "systems": {
      "locked": {
        "lastModified": 1681028828,
        "narHash": "sha256-Vy1rq5AaRuLzOxct8nz4T6wlgyUR7zLU309k9mBC768=",
        "owner": "nix-systems",
        "repo": "default",
        "rev": "da67096a3b9bf56a91d16901293e51ba5b49a27e",
        "type": "github"
      },
      "original": {
        "owner": "nix-systems",
        "repo": "default",
        "type": "github"
      }
    },
    "zonegen": {
      "inputs": {
        "advisory-db": [
          "advisory-db"
        ],
        "crane": [
          "crane"
        ],
        "dyndnsd": [
          "dyndnsd"
        ],
        "fenix": [
          "fenix"
        ],
        "flake-utils": [
          "flake-utils"
        ],
        "nixpkgs": [
          "nixpkgs"
        ]
      },
      "locked": {
        "lastModified": 1724638608,
        "narHash": "sha256-muP81sclA1eSwSxZPiiW4ucKGqFkx6tO1OyjzdPWmjA=",
        "owner": "Luflosi",
        "repo": "zonegen",
        "rev": "d52309deb395c694830d8ae552cafa4aa60cf09f",
        "type": "github"
      },
      "original": {
        "owner": "Luflosi",
        "repo": "zonegen",
        "type": "github"
      }
    }
  },
  "root": "root",
  "version": 7
}
