{
  "nodes": {
    "advisory-db": {
      "flake": false,
      "locked": {
        "lastModified": 1785438831,
        "narHash": "sha256-yH+wjEYEn3uGpO/zw1Q4rWMZ2kaj6Mc7gbmOGMSMpNo=",
        "owner": "rustsec",
        "repo": "advisory-db",
        "rev": "bd347a52f842c6c696ffcaed55f7ad3568a58cb5",
        "type": "github"
      },
      "original": {
        "owner": "rustsec",
        "repo": "advisory-db",
        "type": "github"
      }
    },
    "crane": {
      "locked": {
        "lastModified": 1785284101,
        "narHash": "sha256-ghcXEpYEM4a7pbEkoqbn8c0ptJJqgGzuFiG3T6W5g4I=",
        "owner": "ipetkov",
        "repo": "crane",
        "rev": "756d6d07c3818ea95d1e2cdac63fa7d02fe3e61b",
        "type": "github"
      },
      "original": {
        "owner": "ipetkov",
        "repo": "crane",
        "type": "github"
      }
    },
    "dyndnsd": {
      "inputs": {
        "advisory-db": [
          "advisory-db"
        ],
        "crane": [
          "crane"
        ],
        "fenix": [
          "fenix"
        ],
        "flake-utils": [
          "flake-utils"
        ],
        "nixpkgs": [
          "nixpkgs"
        ],
        "systems": "systems"
      },
      "locked": {
        "lastModified": 1785266479,
        "narHash": "sha256-t8yz6JaNtrCF3aQX/JVkv9cmK6rI8yRFTZptCxDRlZ4=",
        "owner": "Luflosi",
        "repo": "dyndnsd",
        "rev": "6af2b6bd3f4939d54f53c8c8637f01279414b4d7",
        "type": "github"
      },
      "original": {
        "owner": "Luflosi",
        "repo": "dyndnsd",
        "type": "github"
      }
    },
    "fenix": {
      "inputs": {
        "nixpkgs": [
          "nixpkgs"
        ],
        "rust-analyzer-src": []
      },
      "locked": {
        "lastModified": 1785400495,
        "narHash": "sha256-1lYcRFp9AzhPjj0kY/5sru9vKFU4VV9v70iPQOayqIc=",
        "owner": "nix-community",
        "repo": "fenix",
        "rev": "a130a35700abbfb1e96ce47e4f0bee7e76ddfcc1",
        "type": "github"
      },
      "original": {
        "owner": "nix-community",
        "repo": "fenix",
        "type": "github"
      }
    },
    "flake-utils": {
      "inputs": {
        "systems": [
          "systems"
        ]
      },
      "locked": {
        "lastModified": 1731533236,
        "narHash": "sha256-l0KFg5HjrsfsO/JpG+r7fRrqm12kzFHyUHqHCVpMMbI=",
        "owner": "numtide",
        "repo": "flake-utils",
        "rev": "11707dc2f618dd54ca8739b309ec4fc024de578b",
        "type": "github"
      },
      "original": {
        "owner": "numtide",
        "repo": "flake-utils",
        "type": "github"
      }
    },
    "nixpkgs": {
      "locked": {
        "lastModified": 1785301185,
        "narHash": "sha256-eoS3KQTO0aPWXZvIaRbRAzSSHW3l5wdMFXtT1ISfoKA=",
        "owner": "NixOS",
        "repo": "nixpkgs",
        "rev": "9bc02893134c733dd85de46ee4fb2fac696b5529",
        "type": "github"
      },
      "original": {
        "owner": "NixOS",
        "ref": "nixpkgs-unstable",
        "repo": "nixpkgs",
        "type": "github"
      }
    },
    "root": {
      "inputs": {
        "advisory-db": "advisory-db",
        "crane": "crane",
        "dyndnsd": "dyndnsd",
        "fenix": "fenix",
        "flake-utils": "flake-utils",
        "nixpkgs": "nixpkgs",
        "systems": "systems_2",
        "zonegen": "zonegen"
      }
    },
    "systems": {
      "locked": {
        "lastModified": 1776166891,
        "narHash": "sha256-bI8yrEGjrohR5hkQox7UrxDH7XqrYMwI8SL/LrJ1+S8=",
        "owner": "nix-systems",
        "repo": "triplet",
        "rev": "6de7bc09397911ce03636afbcf6118745ab2cda0",
        "type": "github"
      },
      "original": {
        "owner": "nix-systems",
        "repo": "triplet",
        "type": "github"
      }
    },
    "systems_2": {
      "locked": {
        "lastModified": 1776166891,
        "narHash": "sha256-bI8yrEGjrohR5hkQox7UrxDH7XqrYMwI8SL/LrJ1+S8=",
        "owner": "nix-systems",
        "repo": "triplet",
        "rev": "6de7bc09397911ce03636afbcf6118745ab2cda0",
        "type": "github"
      },
      "original": {
        "owner": "nix-systems",
        "repo": "triplet",
        "type": "github"
      }
    },
    "systems_3": {
      "locked": {
        "lastModified": 1776166891,
        "narHash": "sha256-bI8yrEGjrohR5hkQox7UrxDH7XqrYMwI8SL/LrJ1+S8=",
        "owner": "nix-systems",
        "repo": "triplet",
        "rev": "6de7bc09397911ce03636afbcf6118745ab2cda0",
        "type": "github"
      },
      "original": {
        "owner": "nix-systems",
        "repo": "triplet",
        "type": "github"
      }
    },
    "zonegen": {
      "inputs": {
        "advisory-db": [
          "advisory-db"
        ],
        "crane": [
          "crane"
        ],
        "dyndnsd": [
          "dyndnsd"
        ],
        "fenix": [
          "fenix"
        ],
        "flake-utils": [
          "flake-utils"
        ],
        "nixpkgs": [
          "nixpkgs"
        ],
        "systems": "systems_3"
      },
      "locked": {
        "lastModified": 1785483099,
        "narHash": "sha256-k96bZnhjqotZPcehR2rTueIpCmA/ypH83QaKepBLNo4=",
        "owner": "Luflosi",
        "repo": "zonegen",
        "rev": "c8fa62a6622ddc4eb6e0cfe921aeca0d5b38e8d2",
        "type": "github"
      },
      "original": {
        "owner": "Luflosi",
        "repo": "zonegen",
        "type": "github"
      }
    }
  },
  "root": "root",
  "version": 7
}
